
Microsoft Visual Studio Solution File, Format Version 12.00
# Visual Studio 15
VisualStudioVersion = 15.0.27130.2027
MinimumVisualStudioVersion = 10.0.40219.1
Project("{151D2E53-A2C4-4D7D-83FE-D05416EBD58E}") = "DscTestResourceGroup", "DscTestResourceGroup\DscTestResourceGroup.deployproj", "{78A4D598-DEF5-4A7A-8129-36767389D148}"
EndProject
Global
	GlobalSection(SolutionConfigurationPlatforms) = preSolution
		Debug|Any CPU = Debug|Any CPU
		Release|Any CPU = Release|Any CPU
	EndGlobalSection
	GlobalSection(ProjectConfigurationPlatforms) = postSolution
		{78A4D598-DEF5-4A7A-8129-36767389D148}.Debug|Any CPU.ActiveCfg = Debug|Any CPU
		{78A4D598-DEF5-4A7A-8129-36767389D148}.Debug|Any CPU.Build.0 = Debug|Any CPU
		{78A4D598-DEF5-4A7A-8129-36767389D148}.Release|Any CPU.ActiveCfg = Release|Any CPU
		{78A4D598-DEF5-4A7A-8129-36767389D148}.Release|Any CPU.Build.0 = Release|Any CPU
	EndGlobalSection
	GlobalSection(SolutionProperties) = preSolution
		HideSolutionNode = FALSE
	EndGlobalSection
	GlobalSection(ExtensibilityGlobals) = postSolution
		SolutionGuid = {EF13D8FE-4D1B-4C1D-A55E-7E7B363CB7FE}
	EndGlobalSection
EndGlobal
