
Microsoft Visual Studio Solution File, Format Version 12.00
# Visual Studio 15
VisualStudioVersion = 15.0.27130.2024
MinimumVisualStudioVersion = 10.0.40219.1
Project("{151D2E53-A2C4-4D7D-83FE-D05416EBD58E}") = "AdvancedDemo", "AdvancedDemo\AdvancedDemo.deployproj", "{C92BD0E8-E6EE-43CD-B68A-1F740A0FD501}"
EndProject
Global
	GlobalSection(SolutionConfigurationPlatforms) = preSolution
		Debug|Any CPU = Debug|Any CPU
		Release|Any CPU = Release|Any CPU
	EndGlobalSection
	GlobalSection(ProjectConfigurationPlatforms) = postSolution
		{C92BD0E8-E6EE-43CD-B68A-1F740A0FD501}.Debug|Any CPU.ActiveCfg = Debug|Any CPU
		{C92BD0E8-E6EE-43CD-B68A-1F740A0FD501}.Debug|Any CPU.Build.0 = Debug|Any CPU
		{C92BD0E8-E6EE-43CD-B68A-1F740A0FD501}.Release|Any CPU.ActiveCfg = Release|Any CPU
		{C92BD0E8-E6EE-43CD-B68A-1F740A0FD501}.Release|Any CPU.Build.0 = Release|Any CPU
	EndGlobalSection
	GlobalSection(SolutionProperties) = preSolution
		HideSolutionNode = FALSE
	EndGlobalSection
	GlobalSection(ExtensibilityGlobals) = postSolution
		SolutionGuid = {915DA204-25E0-43DD-9023-F645285CF188}
	EndGlobalSection
EndGlobal
